
Microsoft Visual Studio Solution File, Format Version 12.00
# Visual Studio Version 17
VisualStudioVersion = 17.14.35821.62 d17.14
MinimumVisualStudioVersion = 10.0.40219.1
Project("{FAE04EC0-301F-11D3-BF4B-00C04F79EFBC}") = "ListaHorizontalNumeros", "ListaHorizontalNumeros\ListaHorizontalNumeros.csproj", "{26A19AE3-7237-441D-B9F5-F8F9796E78B4}"
EndProject
Global
	GlobalSection(SolutionConfigurationPlatforms) = preSolution
		Debug|Any CPU = Debug|Any CPU
		Release|Any CPU = Release|Any CPU
	EndGlobalSection
	GlobalSection(ProjectConfigurationPlatforms) = postSolution
		{26A19AE3-7237-441D-B9F5-F8F9796E78B4}.Debug|Any CPU.ActiveCfg = Debug|Any CPU
		{26A19AE3-7237-441D-B9F5-F8F9796E78B4}.Debug|Any CPU.Build.0 = Debug|Any CPU
		{26A19AE3-7237-441D-B9F5-F8F9796E78B4}.Release|Any CPU.ActiveCfg = Release|Any CPU
		{26A19AE3-7237-441D-B9F5-F8F9796E78B4}.Release|Any CPU.Build.0 = Release|Any CPU
	EndGlobalSection
	GlobalSection(SolutionProperties) = preSolution
		HideSolutionNode = FALSE
	EndGlobalSection
	GlobalSection(ExtensibilityGlobals) = postSolution
		SolutionGuid = {E59F7328-AD51-4D08-89CF-DFDF1C39B14E}
	EndGlobalSection
EndGlobal
